{
  "version": 4,
  "terraform_version": "1.6.4",
  "serial": 26,
  "lineage": "f9805474-04ec-f37d-9c3b-1d25c77a8996",
  "outputs": {},
  "resources": [
    {
      "mode": "managed",
      "type": "local_file",
      "name": "pet",
      "provider": "provider[\"registry.terraform.io/hashicorp/local\"]",
      "instances": [
        {
          "schema_version": 0,
          "attributes": {
            "content": "my pet name is lion",
            "content_base64": null,
            "content_base64sha256": "RzOUWeaK2v4b/bIKkUdpoP/fpLcwjhghK4dLHfY+if8=",
            "content_base64sha512": "9Np3cYzkmK4gzIgVGU3B5Ms5zRMZTXa2RPSizi4tjqlorVrfLeE84Tu3DvsUDMEsOAWvPLellWYGxP8t2+R1Zg==",
            "content_md5": "b2c392f57e27072e010d9d5b6055a925",
            "content_sha1": "fee32f0bdedc1630a2a9ca4bec476c7cbd06c37e",
            "content_sha256": "47339459e68adafe1bfdb20a914769a0ffdfa4b7308e18212b874b1df63e89ff",
            "content_sha512": "f4da77718ce498ae20cc8815194dc1e4cb39cd13194d76b644f4a2ce2e2d8ea968ad5adf2de13ce13bb70efb140cc12c3805af3cb7a5956606c4ff2ddbe47566",
            "directory_permission": "0777",
            "file_permission": "0777",
            "filename": "pet.txt",
            "id": "fee32f0bdedc1630a2a9ca4bec476c7cbd06c37e",
            "sensitive_content": null,
            "source": null
          },
          "sensitive_attributes": []
        }
      ]
    },
    {
      "mode": "managed",
      "type": "random_pet",
      "name": "mypet",
      "provider": "provider[\"registry.terraform.io/hashicorp/random\"]",
      "instances": [
        {
          "schema_version": 0,
          "attributes": {
            "id": "Mr.dragon",
            "keepers": null,
            "length": 1,
            "prefix": "Mr",
            "separator": "."
          },
          "sensitive_attributes": []
        }
      ]
    }
  ],
  "check_results": null
}
